
Microsoft Visual Studio Solution File, Format Version 12.00
Project("{FAE04EC0-301F-11D3-BF4B-00C04F79EFBC}") = "SimpleBaseConverter", "SimpleBaseConverter.csproj", "{1F4C9CC9-0DD8-409F-B48A-7EA8DC9DD5AA}"
EndProject
Global
	GlobalSection(SolutionConfigurationPlatforms) = preSolution
		Debug|Any CPU = Debug|Any CPU
		Release|Any CPU = Release|Any CPU
	EndGlobalSection
	GlobalSection(ProjectConfigurationPlatforms) = postSolution
		{1F4C9CC9-0DD8-409F-B48A-7EA8DC9DD5AA}.Debug|Any CPU.ActiveCfg = Debug|Any CPU
		{1F4C9CC9-0DD8-409F-B48A-7EA8DC9DD5AA}.Debug|Any CPU.Build.0 = Debug|Any CPU
		{1F4C9CC9-0DD8-409F-B48A-7EA8DC9DD5AA}.Release|Any CPU.ActiveCfg = Release|Any CPU
		{1F4C9CC9-0DD8-409F-B48A-7EA8DC9DD5AA}.Release|Any CPU.Build.0 = Release|Any CPU
	EndGlobalSection
EndGlobal
